
Microsoft Visual Studio Solution File, Format Version 12.00
# Visual Studio Version 17
VisualStudioVersion = 17.6.33712.159
MinimumVisualStudioVersion = 10.0.40219.1
Project("{FAE04EC0-301F-11D3-BF4B-00C04F79EFBC}") = "SuopCommerce", "SuopCommerce.csproj", "{435E98A4-7D0D-498E-9E64-8FEF2F8ED04F}"
EndProject
Global
	GlobalSection(SolutionConfigurationPlatforms) = preSolution
		Debug|Any CPU = Debug|Any CPU
		Release|Any CPU = Release|Any CPU
	EndGlobalSection
	GlobalSection(ProjectConfigurationPlatforms) = postSolution
		{435E98A4-7D0D-498E-9E64-8FEF2F8ED04F}.Debug|Any CPU.ActiveCfg = Debug|Any CPU
		{435E98A4-7D0D-498E-9E64-8FEF2F8ED04F}.Debug|Any CPU.Build.0 = Debug|Any CPU
		{435E98A4-7D0D-498E-9E64-8FEF2F8ED04F}.Release|Any CPU.ActiveCfg = Release|Any CPU
		{435E98A4-7D0D-498E-9E64-8FEF2F8ED04F}.Release|Any CPU.Build.0 = Release|Any CPU
	EndGlobalSection
	GlobalSection(SolutionProperties) = preSolution
		HideSolutionNode = FALSE
	EndGlobalSection
	GlobalSection(ExtensibilityGlobals) = postSolution
		SolutionGuid = {3AB68C9C-AF5F-4FB8-A1FB-9C6D18862945}
	EndGlobalSection
EndGlobal
